// !$*UTF8*$!
{
	archiveVersion = 1;
	classes = {
	};
	objectVersion = 50;
	objects = {

/* Begin PBXBuildFile section */
		6EB952DF24C03D9A00A47005 /* AppDelegate.swift in Sources */ = {isa = PBXBuildFile; fileRef = 6EB952DE24C03D9A00A47005 /* AppDelegate.swift */; };
		6EB952E124C03D9A00A47005 /* SceneDelegate.swift in Sources */ = {isa = PBXBuildFile; fileRef = 6EB952E024C03D9A00A47005 /* SceneDelegate.swift */; };
		6EB952E324C03D9A00A47005 /* ContentView.swift in Sources */ = {isa = PBXBuildFile; fileRef = 6EB952E224C03D9A00A47005 /* ContentView.swift */; };
		6EB952E524C03D9C00A47005 /* Assets.xcassets in Resources */ = {isa = PBXBuildFile; fileRef = 6EB952E424C03D9C00A47005 /* Assets.xcassets */; };
		6EB952E824C03D9C00A47005 /* Preview Assets.xcassets in Resources */ = {isa = PBXBuildFile; fileRef = 6EB952E724C03D9C00A47005 /* Preview Assets.xcassets */; };
		6EB952EB24C03D9C00A47005 /* LaunchScreen.storyboard in Resources */ = {isa = PBXBuildFile; fileRef = 6EB952E924C03D9C00A47005 /* LaunchScreen.storyboard */; };
		6EB952F324C086FD00A47005 /* FirstView.swift in Sources */ = {isa = PBXBuildFile; fileRef = 6EB952F224C086FC00A47005 /* FirstView.swift */; };
		6EB952F524C0876700A47005 /* SecondView.swift in Sources */ = {isa = PBXBuildFile; fileRef = 6EB952F424C0876700A47005 /* SecondView.swift */; };
		6EB952F724C148DD00A47005 /* Landmark.swift in Sources */ = {isa = PBXBuildFile; fileRef = 6EB952F624C148DD00A47005 /* Landmark.swift */; };
		6EB952FA24C14AC000A47005 /* Data.swift in Sources */ = {isa = PBXBuildFile; fileRef = 6EB952F924C14AC000A47005 /* Data.swift */; };
		6EB9530924C14AF800A47005 /* umbagog.jpg in Resources */ = {isa = PBXBuildFile; fileRef = 6EB952FC24C14AF700A47005 /* umbagog.jpg */; };
		6EB9530A24C14AF800A47005 /* chilkoottrail.jpg in Resources */ = {isa = PBXBuildFile; fileRef = 6EB952FD24C14AF700A47005 /* chilkoottrail.jpg */; };
		6EB9530B24C14AF800A47005 /* hiddenlake.jpg in Resources */ = {isa = PBXBuildFile; fileRef = 6EB952FE24C14AF700A47005 /* hiddenlake.jpg */; };
		6EB9530C24C14AF800A47005 /* yukon_charleyrivers.jpg in Resources */ = {isa = PBXBuildFile; fileRef = 6EB952FF24C14AF700A47005 /* yukon_charleyrivers.jpg */; };
		6EB9530D24C14AF800A47005 /* landmarkData.json in Resources */ = {isa = PBXBuildFile; fileRef = 6EB9530024C14AF700A47005 /* landmarkData.json */; };
		6EB9530E24C14AF800A47005 /* rainbowlake.jpg in Resources */ = {isa = PBXBuildFile; fileRef = 6EB9530124C14AF700A47005 /* rainbowlake.jpg */; };
		6EB9530F24C14AF800A47005 /* stmarylake.jpg in Resources */ = {isa = PBXBuildFile; fileRef = 6EB9530224C14AF700A47005 /* stmarylake.jpg */; };
		6EB9531024C14AF800A47005 /* lakemcdonald.jpg in Resources */ = {isa = PBXBuildFile; fileRef = 6EB9530324C14AF700A47005 /* lakemcdonald.jpg */; };
		6EB9531124C14AF800A47005 /* twinlake.jpg in Resources */ = {isa = PBXBuildFile; fileRef = 6EB9530424C14AF700A47005 /* twinlake.jpg */; };
		6EB9531224C14AF800A47005 /* icybay.jpg in Resources */ = {isa = PBXBuildFile; fileRef = 6EB9530524C14AF700A47005 /* icybay.jpg */; };
		6EB9531324C14AF800A47005 /* turtlerock.jpg in Resources */ = {isa = PBXBuildFile; fileRef = 6EB9530624C14AF800A47005 /* turtlerock.jpg */; };
		6EB9531424C14AF800A47005 /* chincoteague.jpg in Resources */ = {isa = PBXBuildFile; fileRef = 6EB9530724C14AF800A47005 /* chincoteague.jpg */; };
		6EB9531524C14AF800A47005 /* silversalmoncreek.jpg in Resources */ = {isa = PBXBuildFile; fileRef = 6EB9530824C14AF800A47005 /* silversalmoncreek.jpg */; };
		6EB9531724C1566E00A47005 /* LandmarkDetail.swift in Sources */ = {isa = PBXBuildFile; fileRef = 6EB9531624C1566E00A47005 /* LandmarkDetail.swift */; };
		6EB9531924C1579500A47005 /* CircleImage.swift in Sources */ = {isa = PBXBuildFile; fileRef = 6EB9531824C1579500A47005 /* CircleImage.swift */; };
		6EB9531B24C1592F00A47005 /* MapView.swift in Sources */ = {isa = PBXBuildFile; fileRef = 6EB9531A24C1592F00A47005 /* MapView.swift */; };
/* End PBXBuildFile section */

/* Begin PBXFileReference section */
		6EB952DB24C03D9A00A47005 /* SwiftUIDemo1.app */ = {isa = PBXFileReference; explicitFileType = wrapper.application; includeInIndex = 0; path = SwiftUIDemo1.app; sourceTree = BUILT_PRODUCTS_DIR; };
		6EB952DE24C03D9A00A47005 /* AppDelegate.swift */ = {isa = PBXFileReference; lastKnownFileType = sourcecode.swift; path = AppDelegate.swift; sourceTree = "<group>"; };
		6EB952E024C03D9A00A47005 /* SceneDelegate.swift */ = {isa = PBXFileReference; lastKnownFileType = sourcecode.swift; path = SceneDelegate.swift; sourceTree = "<group>"; };
		6EB952E224C03D9A00A47005 /* ContentView.swift */ = {isa = PBXFileReference; lastKnownFileType = sourcecode.swift; path = ContentView.swift; sourceTree = "<group>"; };
		6EB952E424C03D9C00A47005 /* Assets.xcassets */ = {isa = PBXFileReference; lastKnownFileType = folder.assetcatalog; path = Assets.xcassets; sourceTree = "<group>"; };
		6EB952E724C03D9C00A47005 /* Preview Assets.xcassets */ = {isa = PBXFileReference; lastKnownFileType = folder.assetcatalog; path = "Preview Assets.xcassets"; sourceTree = "<group>"; };
		6EB952EA24C03D9C00A47005 /* Base */ = {isa = PBXFileReference; lastKnownFileType = file.storyboard; name = Base; path = Base.lproj/LaunchScreen.storyboard; sourceTree = "<group>"; };
		6EB952EC24C03D9C00A47005 /* Info.plist */ = {isa = PBXFileReference; lastKnownFileType = text.plist.xml; path = Info.plist; sourceTree = "<group>"; };
		6EB952F224C086FC00A47005 /* FirstView.swift */ = {isa = PBXFileReference; lastKnownFileType = sourcecode.swift; path = FirstView.swift; sourceTree = "<group>"; };
		6EB952F424C0876700A47005 /* SecondView.swift */ = {isa = PBXFileReference; lastKnownFileType = sourcecode.swift; path = SecondView.swift; sourceTree = "<group>"; };
		6EB952F624C148DD00A47005 /* Landmark.swift */ = {isa = PBXFileReference; lastKnownFileType = sourcecode.swift; path = Landmark.swift; sourceTree = "<group>"; };
		6EB952F924C14AC000A47005 /* Data.swift */ = {isa = PBXFileReference; lastKnownFileType = sourcecode.swift; path = Data.swift; sourceTree = "<group>"; };
		6EB952FC24C14AF700A47005 /* umbagog.jpg */ = {isa = PBXFileReference; lastKnownFileType = image.jpeg; path = umbagog.jpg; sourceTree = "<group>"; };
		6EB952FD24C14AF700A47005 /* chilkoottrail.jpg */ = {isa = PBXFileReference; lastKnownFileType = image.jpeg; path = chilkoottrail.jpg; sourceTree = "<group>"; };
		6EB952FE24C14AF700A47005 /* hiddenlake.jpg */ = {isa = PBXFileReference; lastKnownFileType = image.jpeg; path = hiddenlake.jpg; sourceTree = "<group>"; };
		6EB952FF24C14AF700A47005 /* yukon_charleyrivers.jpg */ = {isa = PBXFileReference; lastKnownFileType = image.jpeg; path = yukon_charleyrivers.jpg; sourceTree = "<group>"; };
		6EB9530024C14AF700A47005 /* landmarkData.json */ = {isa = PBXFileReference; fileEncoding = 4; lastKnownFileType = text.json; path = landmarkData.json; sourceTree = "<group>"; };
		6EB9530124C14AF700A47005 /* rainbowlake.jpg */ = {isa = PBXFileReference; lastKnownFileType = image.jpeg; path = rainbowlake.jpg; sourceTree = "<group>"; };
		6EB9530224C14AF700A47005 /* stmarylake.jpg */ = {isa = PBXFileReference; lastKnownFileType = image.jpeg; path = stmarylake.jpg; sourceTree = "<group>"; };
		6EB9530324C14AF700A47005 /* lakemcdonald.jpg */ = {isa = PBXFileReference; lastKnownFileType = image.jpeg; path = lakemcdonald.jpg; sourceTree = "<group>"; };
		6EB9530424C14AF700A47005 /* twinlake.jpg */ = {isa = PBXFileReference; lastKnownFileType = image.jpeg; path = twinlake.jpg; sourceTree = "<group>"; };
		6EB9530524C14AF700A47005 /* icybay.jpg */ = {isa = PBXFileReference; lastKnownFileType = image.jpeg; path = icybay.jpg; sourceTree = "<group>"; };
		6EB9530624C14AF800A47005 /* turtlerock.jpg */ = {isa = PBXFileReference; lastKnownFileType = image.jpeg; path = turtlerock.jpg; sourceTree = "<group>"; };
		6EB9530724C14AF800A47005 /* chincoteague.jpg */ = {isa = PBXFileReference; lastKnownFileType = image.jpeg; path = chincoteague.jpg; sourceTree = "<group>"; };
		6EB9530824C14AF800A47005 /* silversalmoncreek.jpg */ = {isa = PBXFileReference; lastKnownFileType = image.jpeg; path = silversalmoncreek.jpg; sourceTree = "<group>"; };
		6EB9531624C1566E00A47005 /* LandmarkDetail.swift */ = {isa = PBXFileReference; lastKnownFileType = sourcecode.swift; path = LandmarkDetail.swift; sourceTree = "<group>"; };
		6EB9531824C1579500A47005 /* CircleImage.swift */ = {isa = PBXFileReference; lastKnownFileType = sourcecode.swift; path = CircleImage.swift; sourceTree = "<group>"; };
		6EB9531A24C1592F00A47005 /* MapView.swift */ = {isa = PBXFileReference; lastKnownFileType = sourcecode.swift; path = MapView.swift; sourceTree = "<group>"; };
/* End PBXFileReference section */

/* Begin PBXFrameworksBuildPhase section */
		6EB952D824C03D9A00A47005 /* Frameworks */ = {
			isa = PBXFrameworksBuildPhase;
			buildActionMask = 2147483647;
			files = (
			);
			runOnlyForDeploymentPostprocessing = 0;
		};
/* End PBXFrameworksBuildPhase section */

/* Begin PBXGroup section */
		6EB952D224C03D9900A47005 = {
			isa = PBXGroup;
			children = (
				6EB952DD24C03D9A00A47005 /* SwiftUIDemo1 */,
				6EB952DC24C03D9A00A47005 /* Products */,
			);
			sourceTree = "<group>";
		};
		6EB952DC24C03D9A00A47005 /* Products */ = {
			isa = PBXGroup;
			children = (
				6EB952DB24C03D9A00A47005 /* SwiftUIDemo1.app */,
			);
			name = Products;
			sourceTree = "<group>";
		};
		6EB952DD24C03D9A00A47005 /* SwiftUIDemo1 */ = {
			isa = PBXGroup;
			children = (
				6EB952FB24C14AE200A47005 /* Resources */,
				6EB952F824C148E200A47005 /* Models */,
				6EB952DE24C03D9A00A47005 /* AppDelegate.swift */,
				6EB952E024C03D9A00A47005 /* SceneDelegate.swift */,
				6EB952E224C03D9A00A47005 /* ContentView.swift */,
				6EB952F224C086FC00A47005 /* FirstView.swift */,
				6EB952F424C0876700A47005 /* SecondView.swift */,
				6EB9531624C1566E00A47005 /* LandmarkDetail.swift */,
				6EB9531824C1579500A47005 /* CircleImage.swift */,
				6EB9531A24C1592F00A47005 /* MapView.swift */,
				6EB952E424C03D9C00A47005 /* Assets.xcassets */,
				6EB952E924C03D9C00A47005 /* LaunchScreen.storyboard */,
				6EB952EC24C03D9C00A47005 /* Info.plist */,
				6EB952E624C03D9C00A47005 /* Preview Content */,
			);
			path = SwiftUIDemo1;
			sourceTree = "<group>";
		};
		6EB952E624C03D9C00A47005 /* Preview Content */ = {
			isa = PBXGroup;
			children = (
				6EB952E724C03D9C00A47005 /* Preview Assets.xcassets */,
			);
			path = "Preview Content";
			sourceTree = "<group>";
		};
		6EB952F824C148E200A47005 /* Models */ = {
			isa = PBXGroup;
			children = (
				6EB952F624C148DD00A47005 /* Landmark.swift */,
				6EB952F924C14AC000A47005 /* Data.swift */,
			);
			path = Models;
			sourceTree = "<group>";
		};
		6EB952FB24C14AE200A47005 /* Resources */ = {
			isa = PBXGroup;
			children = (
				6EB952FD24C14AF700A47005 /* chilkoottrail.jpg */,
				6EB9530724C14AF800A47005 /* chincoteague.jpg */,
				6EB952FE24C14AF700A47005 /* hiddenlake.jpg */,
				6EB9530524C14AF700A47005 /* icybay.jpg */,
				6EB9530324C14AF700A47005 /* lakemcdonald.jpg */,
				6EB9530124C14AF700A47005 /* rainbowlake.jpg */,
				6EB9530824C14AF800A47005 /* silversalmoncreek.jpg */,
				6EB9530224C14AF700A47005 /* stmarylake.jpg */,
				6EB9530624C14AF800A47005 /* turtlerock.jpg */,
				6EB9530424C14AF700A47005 /* twinlake.jpg */,
				6EB952FC24C14AF700A47005 /* umbagog.jpg */,
				6EB952FF24C14AF700A47005 /* yukon_charleyrivers.jpg */,
				6EB9530024C14AF700A47005 /* landmarkData.json */,
			);
			path = Resources;
			sourceTree = "<group>";
		};
/* End PBXGroup section */

/* Begin PBXNativeTarget section */
		6EB952DA24C03D9A00A47005 /* SwiftUIDemo1 */ = {
			isa = PBXNativeTarget;
			buildConfigurationList = 6EB952EF24C03D9C00A47005 /* Build configuration list for PBXNativeTarget "SwiftUIDemo1" */;
			buildPhases = (
				6EB952D724C03D9A00A47005 /* Sources */,
				6EB952D824C03D9A00A47005 /* Frameworks */,
				6EB952D924C03D9A00A47005 /* Resources */,
			);
			buildRules = (
			);
			dependencies = (
			);
			name = SwiftUIDemo1;
			productName = SwiftUIDemo1;
			productReference = 6EB952DB24C03D9A00A47005 /* SwiftUIDemo1.app */;
			productType = "com.apple.product-type.application";
		};
/* End PBXNativeTarget section */

/* Begin PBXProject section */
		6EB952D324C03D9A00A47005 /* Project object */ = {
			isa = PBXProject;
			attributes = {
				LastSwiftUpdateCheck = 1150;
				LastUpgradeCheck = 1150;
				ORGANIZATIONNAME = jixin;
				TargetAttributes = {
					6EB952DA24C03D9A00A47005 = {
						CreatedOnToolsVersion = 11.5;
					};
				};
			};
			buildConfigurationList = 6EB952D624C03D9A00A47005 /* Build configuration list for PBXProject "SwiftUIDemo1" */;
			compatibilityVersion = "Xcode 9.3";
			developmentRegion = en;
			hasScannedForEncodings = 0;
			knownRegions = (
				en,
				Base,
			);
			mainGroup = 6EB952D224C03D9900A47005;
			productRefGroup = 6EB952DC24C03D9A00A47005 /* Products */;
			projectDirPath = "";
			projectRoot = "";
			targets = (
				6EB952DA24C03D9A00A47005 /* SwiftUIDemo1 */,
			);
		};
/* End PBXProject section */

/* Begin PBXResourcesBuildPhase section */
		6EB952D924C03D9A00A47005 /* Resources */ = {
			isa = PBXResourcesBuildPhase;
			buildActionMask = 2147483647;
			files = (
				6EB9530C24C14AF800A47005 /* yukon_charleyrivers.jpg in Resources */,
				6EB9530924C14AF800A47005 /* umbagog.jpg in Resources */,
				6EB9531324C14AF800A47005 /* turtlerock.jpg in Resources */,
				6EB9531224C14AF800A47005 /* icybay.jpg in Resources */,
				6EB952EB24C03D9C00A47005 /* LaunchScreen.storyboard in Resources */,
				6EB952E824C03D9C00A47005 /* Preview Assets.xcassets in Resources */,
				6EB9530A24C14AF800A47005 /* chilkoottrail.jpg in Resources */,
				6EB9530D24C14AF800A47005 /* landmarkData.json in Resources */,
				6EB9531124C14AF800A47005 /* twinlake.jpg in Resources */,
				6EB9531424C14AF800A47005 /* chincoteague.jpg in Resources */,
				6EB9530F24C14AF800A47005 /* stmarylake.jpg in Resources */,
				6EB9531024C14AF800A47005 /* lakemcdonald.jpg in Resources */,
				6EB9530B24C14AF800A47005 /* hiddenlake.jpg in Resources */,
				6EB9531524C14AF800A47005 /* silversalmoncreek.jpg in Resources */,
				6EB9530E24C14AF800A47005 /* rainbowlake.jpg in Resources */,
				6EB952E524C03D9C00A47005 /* Assets.xcassets in Resources */,
			);
			runOnlyForDeploymentPostprocessing = 0;
		};
/* End PBXResourcesBuildPhase section */

/* Begin PBXSourcesBuildPhase section */
		6EB952D724C03D9A00A47005 /* Sources */ = {
			isa = PBXSourcesBuildPhase;
			buildActionMask = 2147483647;
			files = (
				6EB952FA24C14AC000A47005 /* Data.swift in Sources */,
				6EB952DF24C03D9A00A47005 /* AppDelegate.swift in Sources */,
				6EB952F524C0876700A47005 /* SecondView.swift in Sources */,
				6EB952F324C086FD00A47005 /* FirstView.swift in Sources */,
				6EB9531724C1566E00A47005 /* LandmarkDetail.swift in Sources */,
				6EB9531924C1579500A47005 /* CircleImage.swift in Sources */,
				6EB952E124C03D9A00A47005 /* SceneDelegate.swift in Sources */,
				6EB9531B24C1592F00A47005 /* MapView.swift in Sources */,
				6EB952E324C03D9A00A47005 /* ContentView.swift in Sources */,
				6EB952F724C148DD00A47005 /* Landmark.swift in Sources */,
			);
			runOnlyForDeploymentPostprocessing = 0;
		};
/* End PBXSourcesBuildPhase section */

/* Begin PBXVariantGroup section */
		6EB952E924C03D9C00A47005 /* LaunchScreen.storyboard */ = {
			isa = PBXVariantGroup;
			children = (
				6EB952EA24C03D9C00A47005 /* Base */,
			);
			name = LaunchScreen.storyboard;
			sourceTree = "<group>";
		};
/* End PBXVariantGroup section */

/* Begin XCBuildConfiguration section */
		6EB952ED24C03D9C00A47005 /* Debug */ = {
			isa = XCBuildConfiguration;
			buildSettings = {
				ALWAYS_SEARCH_USER_PATHS = NO;
				CLANG_ANALYZER_NONNULL = YES;
				CLANG_ANALYZER_NUMBER_OBJECT_CONVERSION = YES_AGGRESSIVE;
				CLANG_CXX_LANGUAGE_STANDARD = "gnu++14";
				CLANG_CXX_LIBRARY = "libc++";
				CLANG_ENABLE_MODULES = YES;
				CLANG_ENABLE_OBJC_ARC = YES;
				CLANG_ENABLE_OBJC_WEAK = YES;
				CLANG_WARN_BLOCK_CAPTURE_AUTORELEASING = YES;
				CLANG_WARN_BOOL_CONVERSION = YES;
				CLANG_WARN_COMMA = YES;
				CLANG_WARN_CONSTANT_CONVERSION = YES;
				CLANG_WARN_DEPRECATED_OBJC_IMPLEMENTATIONS = YES;
				CLANG_WARN_DIRECT_OBJC_ISA_USAGE = YES_ERROR;
				CLANG_WARN_DOCUMENTATION_COMMENTS = YES;
				CLANG_WARN_EMPTY_BODY = YES;
				CLANG_WARN_ENUM_CONVERSION = YES;
				CLANG_WARN_INFINITE_RECURSION = YES;
				CLANG_WARN_INT_CONVERSION = YES;
				CLANG_WARN_NON_LITERAL_NULL_CONVERSION = YES;
				CLANG_WARN_OBJC_IMPLICIT_RETAIN_SELF = YES;
				CLANG_WARN_OBJC_LITERAL_CONVERSION = YES;
				CLANG_WARN_OBJC_ROOT_CLASS = YES_ERROR;
				CLANG_WARN_RANGE_LOOP_ANALYSIS = YES;
				CLANG_WARN_STRICT_PROTOTYPES = YES;
				CLANG_WARN_SUSPICIOUS_MOVE = YES;
				CLANG_WARN_UNGUARDED_AVAILABILITY = YES_AGGRESSIVE;
				CLANG_WARN_UNREACHABLE_CODE = YES;
				CLANG_WARN__DUPLICATE_METHOD_MATCH = YES;
				COPY_PHASE_STRIP = NO;
				DEBUG_INFORMATION_FORMAT = dwarf;
				ENABLE_STRICT_OBJC_MSGSEND = YES;
				ENABLE_TESTABILITY = YES;
				GCC_C_LANGUAGE_STANDARD = gnu11;
				GCC_DYNAMIC_NO_PIC = NO;
				GCC_NO_COMMON_BLOCKS = YES;
				GCC_OPTIMIZATION_LEVEL = 0;
				GCC_PREPROCESSOR_DEFINITIONS = (
					"DEBUG=1",
					"$(inherited)",
				);
				GCC_WARN_64_TO_32_BIT_CONVERSION = YES;
				GCC_WARN_ABOUT_RETURN_TYPE = YES_ERROR;
				GCC_WARN_UNDECLARED_SELECTOR = YES;
				GCC_WARN_UNINITIALIZED_AUTOS = YES_AGGRESSIVE;
				GCC_WARN_UNUSED_FUNCTION = YES;
				GCC_WARN_UNUSED_VARIABLE = YES;
				IPHONEOS_DEPLOYMENT_TARGET = 13.5;
				MTL_ENABLE_DEBUG_INFO = INCLUDE_SOURCE;
				MTL_FAST_MATH = YES;
				ONLY_ACTIVE_ARCH = YES;
				SDKROOT = iphoneos;
				SWIFT_ACTIVE_COMPILATION_CONDITIONS = DEBUG;
				SWIFT_OPTIMIZATION_LEVEL = "-Onone";
			};
			name = Debug;
		};
		6EB952EE24C03D9C00A47005 /* Release */ = {
			isa = XCBuildConfiguration;
			buildSettings = {
				ALWAYS_SEARCH_USER_PATHS = NO;
				CLANG_ANALYZER_NONNULL = YES;
				CLANG_ANALYZER_NUMBER_OBJECT_CONVERSION = YES_AGGRESSIVE;
				CLANG_CXX_LANGUAGE_STANDARD = "gnu++14";
				CLANG_CXX_LIBRARY = "libc++";
				CLANG_ENABLE_MODULES = YES;
				CLANG_ENABLE_OBJC_ARC = YES;
				CLANG_ENABLE_OBJC_WEAK = YES;
				CLANG_WARN_BLOCK_CAPTURE_AUTORELEASING = YES;
				CLANG_WARN_BOOL_CONVERSION = YES;
				CLANG_WARN_COMMA = YES;
				CLANG_WARN_CONSTANT_CONVERSION = YES;
				CLANG_WARN_DEPRECATED_OBJC_IMPLEMENTATIONS = YES;
				CLANG_WARN_DIRECT_OBJC_ISA_USAGE = YES_ERROR;
				CLANG_WARN_DOCUMENTATION_COMMENTS = YES;
				CLANG_WARN_EMPTY_BODY = YES;
				CLANG_WARN_ENUM_CONVERSION = YES;
				CLANG_WARN_INFINITE_RECURSION = YES;
				CLANG_WARN_INT_CONVERSION = YES;
				CLANG_WARN_NON_LITERAL_NULL_CONVERSION = YES;
				CLANG_WARN_OBJC_IMPLICIT_RETAIN_SELF = YES;
				CLANG_WARN_OBJC_LITERAL_CONVERSION = YES;
				CLANG_WARN_OBJC_ROOT_CLASS = YES_ERROR;
				CLANG_WARN_RANGE_LOOP_ANALYSIS = YES;
				CLANG_WARN_STRICT_PROTOTYPES = YES;
				CLANG_WARN_SUSPICIOUS_MOVE = YES;
				CLANG_WARN_UNGUARDED_AVAILABILITY = YES_AGGRESSIVE;
				CLANG_WARN_UNREACHABLE_CODE = YES;
				CLANG_WARN__DUPLICATE_METHOD_MATCH = YES;
				COPY_PHASE_STRIP = NO;
				DEBUG_INFORMATION_FORMAT = "dwarf-with-dsym";
				ENABLE_NS_ASSERTIONS = NO;
				ENABLE_STRICT_OBJC_MSGSEND = YES;
				GCC_C_LANGUAGE_STANDARD = gnu11;
				GCC_NO_COMMON_BLOCKS = YES;
				GCC_WARN_64_TO_32_BIT_CONVERSION = YES;
				GCC_WARN_ABOUT_RETURN_TYPE = YES_ERROR;
				GCC_WARN_UNDECLARED_SELECTOR = YES;
				GCC_WARN_UNINITIALIZED_AUTOS = YES_AGGRESSIVE;
				GCC_WARN_UNUSED_FUNCTION = YES;
				GCC_WARN_UNUSED_VARIABLE = YES;
				IPHONEOS_DEPLOYMENT_TARGET = 13.5;
				MTL_ENABLE_DEBUG_INFO = NO;
				MTL_FAST_MATH = YES;
				SDKROOT = iphoneos;
				SWIFT_COMPILATION_MODE = wholemodule;
				SWIFT_OPTIMIZATION_LEVEL = "-O";
				VALIDATE_PRODUCT = YES;
			};
			name = Release;
		};
		6EB952F024C03D9C00A47005 /* Debug */ = {
			isa = XCBuildConfiguration;
			buildSettings = {
				ASSETCATALOG_COMPILER_APPICON_NAME = AppIcon;
				CODE_SIGN_STYLE = Automatic;
				DEVELOPMENT_ASSET_PATHS = "\"SwiftUIDemo1/Preview Content\"";
				DEVELOPMENT_TEAM = 4RTMSXL9KV;
				ENABLE_PREVIEWS = YES;
				INFOPLIST_FILE = SwiftUIDemo1/Info.plist;
				LD_RUNPATH_SEARCH_PATHS = (
					"$(inherited)",
					"@executable_path/Frameworks",
				);
				PRODUCT_BUNDLE_IDENTIFIER = app.jixin.SwiftUIDemo1;
				PRODUCT_NAME = "$(TARGET_NAME)";
				SWIFT_VERSION = 5.0;
				TARGETED_DEVICE_FAMILY = "1,2";
			};
			name = Debug;
		};
		6EB952F124C03D9C00A47005 /* Release */ = {
			isa = XCBuildConfiguration;
			buildSettings = {
				ASSETCATALOG_COMPILER_APPICON_NAME = AppIcon;
				CODE_SIGN_STYLE = Automatic;
				DEVELOPMENT_ASSET_PATHS = "\"SwiftUIDemo1/Preview Content\"";
				DEVELOPMENT_TEAM = 4RTMSXL9KV;
				ENABLE_PREVIEWS = YES;
				INFOPLIST_FILE = SwiftUIDemo1/Info.plist;
				LD_RUNPATH_SEARCH_PATHS = (
					"$(inherited)",
					"@executable_path/Frameworks",
				);
				PRODUCT_BUNDLE_IDENTIFIER = app.jixin.SwiftUIDemo1;
				PRODUCT_NAME = "$(TARGET_NAME)";
				SWIFT_VERSION = 5.0;
				TARGETED_DEVICE_FAMILY = "1,2";
			};
			name = Release;
		};
/* End XCBuildConfiguration section */

/* Begin XCConfigurationList section */
		6EB952D624C03D9A00A47005 /* Build configuration list for PBXProject "SwiftUIDemo1" */ = {
			isa = XCConfigurationList;
			buildConfigurations = (
				6EB952ED24C03D9C00A47005 /* Debug */,
				6EB952EE24C03D9C00A47005 /* Release */,
			);
			defaultConfigurationIsVisible = 0;
			defaultConfigurationName = Release;
		};
		6EB952EF24C03D9C00A47005 /* Build configuration list for PBXNativeTarget "SwiftUIDemo1" */ = {
			isa = XCConfigurationList;
			buildConfigurations = (
				6EB952F024C03D9C00A47005 /* Debug */,
				6EB952F124C03D9C00A47005 /* Release */,
			);
			defaultConfigurationIsVisible = 0;
			defaultConfigurationName = Release;
		};
/* End XCConfigurationList section */
	};
	rootObject = 6EB952D324C03D9A00A47005 /* Project object */;
}
